{
  "nodes": {
    "nixpkgs": {
      "locked": {
        "lastModified": 1780930886,
        "narHash": "sha256-rppURzHviaQN131F+nLiLdGfcb0uCd9gGP0E5+iw9MI=",
        "owner": "NixOS",
        "repo": "nixpkgs",
        "rev": "8c3cede7ddc26bd659d2d383b5610efbd2c7a16e",
        "type": "github"
      },
      "original": {
        "owner": "NixOS",
        "ref": "nixpkgs-unstable",
        "repo": "nixpkgs",
        "type": "github"
      }
    },
    "root": {
      "inputs": {
        "nixpkgs": "nixpkgs",
        "zed-editor": "zed-editor"
      }
    },
    "zed-editor": {
      "inputs": {
        "nixpkgs": [
          "nixpkgs"
        ]
      },
      "locked": {
        "dir": "flakes/zed-editor",
        "lastModified": 1763486553,
        "narHash": "sha256-1bmlyqpTEDC+Bpu7n47vaoSThSggMbgBaJ/mvbrdttI=",
        "owner": "CalamooseLabs",
        "repo": "antlers",
        "rev": "db8969c971163c8437a0a9309c9495439a00f548",
        "type": "github"
      },
      "original": {
        "dir": "flakes/zed-editor",
        "owner": "CalamooseLabs",
        "ref": "flakes.zed-editor",
        "repo": "antlers",
        "type": "github"
      }
    }
  },
  "root": "root",
  "version": 7
}
